
Microsoft Visual Studio Solution File, Format Version 12.00
# Visual Studio 15
VisualStudioVersion = 15.0.27130.2027
MinimumVisualStudioVersion = 10.0.40219.1
Project("{FAE04EC0-301F-11D3-BF4B-00C04F79EFBC}") = "RFID", "RFID\RFID.csproj", "{DB72BF8C-9C28-47CC-8321-5A07C4BAB3D9}"
EndProject
Global
	GlobalSection(SolutionConfigurationPlatforms) = preSolution
		Debug|Any CPU = Debug|Any CPU
		Release|Any CPU = Release|Any CPU
	EndGlobalSection
	GlobalSection(ProjectConfigurationPlatforms) = postSolution
		{DB72BF8C-9C28-47CC-8321-5A07C4BAB3D9}.Debug|Any CPU.ActiveCfg = Debug|Any CPU
		{DB72BF8C-9C28-47CC-8321-5A07C4BAB3D9}.Debug|Any CPU.Build.0 = Debug|Any CPU
		{DB72BF8C-9C28-47CC-8321-5A07C4BAB3D9}.Release|Any CPU.ActiveCfg = Release|Any CPU
		{DB72BF8C-9C28-47CC-8321-5A07C4BAB3D9}.Release|Any CPU.Build.0 = Release|Any CPU
	EndGlobalSection
	GlobalSection(SolutionProperties) = preSolution
		HideSolutionNode = FALSE
	EndGlobalSection
	GlobalSection(ExtensibilityGlobals) = postSolution
		SolutionGuid = {30EE5963-9F38-4159-90B1-1970ACE732B1}
	EndGlobalSection
EndGlobal
